
Microsoft Visual Studio Solution File, Format Version 12.00
# Visual Studio Version 17
VisualStudioVersion = 17.10.35027.167
MinimumVisualStudioVersion = 10.0.40219.1
Project("{FAE04EC0-301F-11D3-BF4B-00C04F79EFBC}") = "Esercitazione_GIT_4H", "Esercitazione_GIT_4H\Esercitazione_GIT_4H.csproj", "{50399D9A-5957-4ED5-80A8-32558BCF696B}"
EndProject
Global
	GlobalSection(SolutionConfigurationPlatforms) = preSolution
		Debug|Any CPU = Debug|Any CPU
		Release|Any CPU = Release|Any CPU
	EndGlobalSection
	GlobalSection(ProjectConfigurationPlatforms) = postSolution
		{50399D9A-5957-4ED5-80A8-32558BCF696B}.Debug|Any CPU.ActiveCfg = Debug|Any CPU
		{50399D9A-5957-4ED5-80A8-32558BCF696B}.Debug|Any CPU.Build.0 = Debug|Any CPU
		{50399D9A-5957-4ED5-80A8-32558BCF696B}.Release|Any CPU.ActiveCfg = Release|Any CPU
		{50399D9A-5957-4ED5-80A8-32558BCF696B}.Release|Any CPU.Build.0 = Release|Any CPU
	EndGlobalSection
	GlobalSection(SolutionProperties) = preSolution
		HideSolutionNode = FALSE
	EndGlobalSection
	GlobalSection(ExtensibilityGlobals) = postSolution
		SolutionGuid = {6F28C85E-AC89-4C2A-8517-154851890B19}
	EndGlobalSection
EndGlobal
